{
  "name": "game",
  "version": "1.0.0",
  "lockfileVersion": 1,
  "requires": true,
  "dependencies": {
    "excalibur": {
      "version": "0.20.0",
      "resolved": "https://registry.npmjs.org/excalibur/-/excalibur-0.20.0.tgz",
      "integrity": "sha512-RujHRkv3KFsFBjYjuHj6bcr3Phb2WrAUSpPpYTF7C5u/nltlLprF0LXhVkRNyDQESkifGX5kBmUR6RKgJ49XvA=="
    }
  }
}
